<?xml version="1.0" encoding="utf-8"?>
<Project ToolsVersion="4.0" xmlns="http://schemas.microsoft.com/developer/msbuild/2003">
  <ItemGroup>
    <Filter Include="Source Files">
      <UniqueIdentifier>{4FC737F1-C7A5-4376-A066-2A32D752A2FF}</UniqueIdentifier>
      <Extensions>cpp;c;cc;cxx;c++;cppm;ixx;def;odl;idl;hpj;bat;asm;asmx</Extensions>
    </Filter>
    <Filter Include="Header Files">
      <UniqueIdentifier>{93995380-89BD-4b04-88EB-625FBE52EBFB}</UniqueIdentifier>
      <Extensions>h;hh;hpp;hxx;h++;hm;inl;inc;ipp;xsd</Extensions>
    </Filter>
    <Filter Include="Resource Files">
      <UniqueIdentifier>{67DA6AB6-F800-4c08-8B7A-83BB121AAD01}</UniqueIdentifier>
      <Extensions>rc;ico;cur;bmp;dlg;rc2;rct;bin;rgs;gif;jpg;jpeg;jpe;resx;tiff;tif;png;wav;mfcribbon-ms</Extensions>
    </Filter>
    <Filter Include="Assets">
      <UniqueIdentifier>{c1755252-a6ff-4909-b3ff-9f43b6a8c4f5}</UniqueIdentifier>
    </Filter>
    <Filter Include="Assets\blue">
      <UniqueIdentifier>{f848432f-a6db-48f2-9f89-b2d24dd45cb0}</UniqueIdentifier>
    </Filter>
    <Filter Include="Assets\red">
      <UniqueIdentifier>{99396b11-a7e5-40a2-9ccc-0bc10737466c}</UniqueIdentifier>
    </Filter>
    <Filter Include="Assets\SFX">
      <UniqueIdentifier>{6d500c9b-4516-4843-97ad-76f81eb02062}</UniqueIdentifier>
    </Filter>
  </ItemGroup>
  <ItemGroup>
    <ClCompile Include="main.cpp">
      <Filter>Source Files</Filter>
    </ClCompile>
    <ClCompile Include="PlayerCharacter.cpp">
      <Filter>Source Files</Filter>
    </ClCompile>
    <ClCompile Include="Projectile.cpp">
      <Filter>Source Files</Filter>
    </ClCompile>
    <ClCompile Include="MainMenu.cpp">
      <Filter>Source Files</Filter>
    </ClCompile>
    <ClCompile Include="Button.cpp">
      <Filter>Source Files</Filter>
    </ClCompile>
    <ClCompile Include="SelectGameMode.cpp">
      <Filter>Source Files</Filter>
    </ClCompile>
    <ClCompile Include="SelectControls.cpp">
      <Filter>Source Files</Filter>
    </ClCompile>
    <ClCompile Include="SelectCredits.cpp">
      <Filter>Source Files</Filter>
    </ClCompile>
    <ClCompile Include="Map.cpp">
      <Filter>Source Files</Filter>
    </ClCompile>
    <ClCompile Include="SelectMap.cpp">
      <Filter>Source Files</Filter>
    </ClCompile>
    <ClCompile Include="PowerUp.cpp">
      <Filter>Source Files</Filter>
    </ClCompile>
  </ItemGroup>
  <ItemGroup>
    <ClInclude Include="PlayerCharacter.h">
      <Filter>Header Files</Filter>
    </ClInclude>
    <ClInclude Include="Projectile.h">
      <Filter>Header Files</Filter>
    </ClInclude>
    <ClInclude Include="MainMenu.h">
      <Filter>Header Files</Filter>
    </ClInclude>
    <ClInclude Include="Button.h">
      <Filter>Header Files</Filter>
    </ClInclude>
    <ClInclude Include="SelectGameMode.h">
      <Filter>Header Files</Filter>
    </ClInclude>
    <ClInclude Include="GameState.h">
      <Filter>Header Files</Filter>
    </ClInclude>
    <ClInclude Include="SelectControls.h">
      <Filter>Header Files</Filter>
    </ClInclude>
    <ClInclude Include="SelectCredits.h">
      <Filter>Header Files</Filter>
    </ClInclude>
    <ClInclude Include="Map.h">
      <Filter>Header Files</Filter>
    </ClInclude>
    <ClInclude Include="SelectMap.h">
      <Filter>Header Files</Filter>
    </ClInclude>
    <ClInclude Include="PowerUp.h">
      <Filter>Header Files</Filter>
    </ClInclude>
  </ItemGroup>
  <ItemGroup>
    <Image Include="Assets\blue\sprite_05.png">
      <Filter>Assets\blue</Filter>
    </Image>
    <Image Include="Assets\blue\sprite_06.png">
      <Filter>Assets\blue</Filter>
    </Image>
    <Image Include="Assets\blue\sprite_07.png">
      <Filter>Assets\blue</Filter>
    </Image>
    <Image Include="Assets\blue\sprite_08.png">
      <Filter>Assets\blue</Filter>
    </Image>
    <Image Include="Assets\red\sprite_00.png">
      <Filter>Assets\red</Filter>
    </Image>
    <Image Include="Assets\red\sprite_01.png">
      <Filter>Assets\red</Filter>
    </Image>
    <Image Include="Assets\red\sprite_02.png">
      <Filter>Assets\red</Filter>
    </Image>
    <Image Include="Assets\red\sprite_03.png">
      <Filter>Assets\red</Filter>
    </Image>
    <Image Include="Assets\red\sprite_04.png">
      <Filter>Assets\red</Filter>
    </Image>
    <Image Include="..\..\..\main_menu_bg.png">
      <Filter>Assets</Filter>
    </Image>
    <Image Include="..\..\..\game.png">
      <Filter>Assets</Filter>
    </Image>
    <Image Include="Assets\arenafloor.png">
      <Filter>Assets</Filter>
    </Image>
    <Image Include="Assets\box.png">
      <Filter>Assets</Filter>
    </Image>
    <Image Include="Assets\metalbox.png">
      <Filter>Assets</Filter>
    </Image>
    <Image Include="Assets\arena.png">
      <Filter>Assets</Filter>
    </Image>
  </ItemGroup>
  <ItemGroup>
    <None Include="Assets\SFX\Charge.ogg">
      <Filter>Assets\SFX</Filter>
    </None>
    <None Include="Assets\SFX\LassoLady.ogg">
      <Filter>Assets\SFX</Filter>
    </None>
    <None Include="ui" />
  </ItemGroup>
  <ItemGroup>
    <Media Include="Assets\SFX\GunshotMetallic.wav">
      <Filter>Assets\SFX</Filter>
    </Media>
    <Media Include="Assets\SFX\GunshotRealistic.wav">
      <Filter>Assets\SFX</Filter>
    </Media>
    <Media Include="Assets\SFX\GunshotTest.wav">
      <Filter>Assets\SFX</Filter>
    </Media>
    <Media Include="Assets\SFX\MainMenu.wav">
      <Filter>Assets\SFX</Filter>
    </Media>
    <Media Include="Assets\SFX\MenuClick.wav">
      <Filter>Assets\SFX</Filter>
    </Media>
    <Media Include="Assets\SFX\MachineHit.wav">
      <Filter>Assets\SFX</Filter>
    </Media>
    <Media Include="Assets\SFX\Victory.wav">
      <Filter>Assets\SFX</Filter>
    </Media>
    <Media Include="Assets\SFX\FleshHit.wav">
      <Filter>Assets\SFX</Filter>
    </Media>
    <Media Include="Assets\SFX\DashTest.wav">
      <Filter>Assets\SFX</Filter>
    </Media>
  </ItemGroup>
</Project>